
Microsoft Visual Studio Solution File, Format Version 12.00
# Visual Studio Version 17
VisualStudioVersion = 17.6.33829.357
MinimumVisualStudioVersion = 10.0.40219.1
Project("{8BC9CEB8-8B4A-11D0-8D11-00A0C91BC942}") = "Tetris", "Tetris\Tetris.vcxproj", "{9821965E-4340-440F-B5CA-17A99735EC06}"
EndProject
Global
	GlobalSection(SolutionConfigurationPlatforms) = preSolution
		Debug|x64 = Debug|x64
		Debug|x86 = Debug|x86
		Release|x64 = Release|x64
		Release|x86 = Release|x86
	EndGlobalSection
	GlobalSection(ProjectConfigurationPlatforms) = postSolution
		{9821965E-4340-440F-B5CA-17A99735EC06}.Debug|x64.ActiveCfg = Debug|x64
		{9821965E-4340-440F-B5CA-17A99735EC06}.Debug|x64.Build.0 = Debug|x64
		{9821965E-4340-440F-B5CA-17A99735EC06}.Debug|x86.ActiveCfg = Debug|Win32
		{9821965E-4340-440F-B5CA-17A99735EC06}.Debug|x86.Build.0 = Debug|Win32
		{9821965E-4340-440F-B5CA-17A99735EC06}.Release|x64.ActiveCfg = Release|x64
		{9821965E-4340-440F-B5CA-17A99735EC06}.Release|x64.Build.0 = Release|x64
		{9821965E-4340-440F-B5CA-17A99735EC06}.Release|x86.ActiveCfg = Release|Win32
		{9821965E-4340-440F-B5CA-17A99735EC06}.Release|x86.Build.0 = Release|Win32
	EndGlobalSection
	GlobalSection(SolutionProperties) = preSolution
		HideSolutionNode = FALSE
	EndGlobalSection
	GlobalSection(ExtensibilityGlobals) = postSolution
		SolutionGuid = {84AFC94B-3405-4BD7-ABAF-0E9E97AF6786}
	EndGlobalSection
EndGlobal
